
Microsoft Visual Studio Solution File, Format Version 11.00
# Visual Studio 2010
Project("{FAE04EC0-301F-11D3-BF4B-00C04F79EFBC}") = "BaiDuNews", "BaiDuNews\BaiDuNews.csproj", "{1B708C48-723B-4F75-9AAA-3B8B52B5DF7E}"
EndProject
Global
	GlobalSection(SolutionConfigurationPlatforms) = preSolution
		Debug|Any CPU = Debug|Any CPU
		Release|Any CPU = Release|Any CPU
	EndGlobalSection
	GlobalSection(ProjectConfigurationPlatforms) = postSolution
		{1B708C48-723B-4F75-9AAA-3B8B52B5DF7E}.Debug|Any CPU.ActiveCfg = Debug|Any CPU
		{1B708C48-723B-4F75-9AAA-3B8B52B5DF7E}.Debug|Any CPU.Build.0 = Debug|Any CPU
		{1B708C48-723B-4F75-9AAA-3B8B52B5DF7E}.Release|Any CPU.ActiveCfg = Release|Any CPU
		{1B708C48-723B-4F75-9AAA-3B8B52B5DF7E}.Release|Any CPU.Build.0 = Release|Any CPU
	EndGlobalSection
	GlobalSection(SolutionProperties) = preSolution
		HideSolutionNode = FALSE
	EndGlobalSection
EndGlobal
