
Microsoft Visual Studio Solution File, Format Version 11.00
# Visual Studio 2010
Project("{FAE04EC0-301F-11D3-BF4B-00C04F79EFBC}") = "DeCodeSQLStr", "DeCodeSQLStr\DeCodeSQLStr.csproj", "{2CBBAF21-D56C-4170-8B2B-691F23040622}"
EndProject
Global
	GlobalSection(SolutionConfigurationPlatforms) = preSolution
		Debug|Any CPU = Debug|Any CPU
		Release|Any CPU = Release|Any CPU
	EndGlobalSection
	GlobalSection(ProjectConfigurationPlatforms) = postSolution
		{2CBBAF21-D56C-4170-8B2B-691F23040622}.Debug|Any CPU.ActiveCfg = Debug|Any CPU
		{2CBBAF21-D56C-4170-8B2B-691F23040622}.Debug|Any CPU.Build.0 = Debug|Any CPU
		{2CBBAF21-D56C-4170-8B2B-691F23040622}.Release|Any CPU.ActiveCfg = Release|Any CPU
		{2CBBAF21-D56C-4170-8B2B-691F23040622}.Release|Any CPU.Build.0 = Release|Any CPU
	EndGlobalSection
	GlobalSection(SolutionProperties) = preSolution
		HideSolutionNode = FALSE
	EndGlobalSection
EndGlobal
