
Microsoft Visual Studio Solution File, Format Version 11.00
# Visual Studio 2010
Project("{FAE04EC0-301F-11D3-BF4B-00C04F79EFBC}") = "QQLogin", "QQLogin\QQLogin.csproj", "{4B2F2421-01E6-4099-A515-976683AAB96E}"
EndProject
Global
	GlobalSection(SolutionConfigurationPlatforms) = preSolution
		Debug|x86 = Debug|x86
		Release|x86 = Release|x86
	EndGlobalSection
	GlobalSection(ProjectConfigurationPlatforms) = postSolution
		{4B2F2421-01E6-4099-A515-976683AAB96E}.Debug|x86.ActiveCfg = Debug|x86
		{4B2F2421-01E6-4099-A515-976683AAB96E}.Debug|x86.Build.0 = Debug|x86
		{4B2F2421-01E6-4099-A515-976683AAB96E}.Release|x86.ActiveCfg = Release|x86
		{4B2F2421-01E6-4099-A515-976683AAB96E}.Release|x86.Build.0 = Release|x86
	EndGlobalSection
	GlobalSection(SolutionProperties) = preSolution
		HideSolutionNode = FALSE
	EndGlobalSection
EndGlobal
